// !$*UTF8*$!
{
	archiveVersion = 1;
	classes = {
	};
	objectVersion = 56;
	objects = {

/* Begin PBXBuildFile section */
		DD3B624D2AF1F207001834C5 /* ProfileViewViewModel.swift in Sources */ = {isa = PBXBuildFile; fileRef = DD3B624C2AF1F207001834C5 /* ProfileViewViewModel.swift */; };
		DD90D9912ACE42A6003FEEB1 /* ListView.swift in Sources */ = {isa = PBXBuildFile; fileRef = DD90D9902ACE42A6003FEEB1 /* ListView.swift */; };
		DD90D9952ACE4317003FEEB1 /* CardView.swift in Sources */ = {isa = PBXBuildFile; fileRef = DD90D9942ACE4317003FEEB1 /* CardView.swift */; };
		DD90D9972ACE47E2003FEEB1 /* SearchView.swift in Sources */ = {isa = PBXBuildFile; fileRef = DD90D9962ACE47E2003FEEB1 /* SearchView.swift */; };
		DD90D9992ACE4814003FEEB1 /* FavouritesView.swift in Sources */ = {isa = PBXBuildFile; fileRef = DD90D9982ACE4814003FEEB1 /* FavouritesView.swift */; };
		DD90D99B2ACE4832003FEEB1 /* ProfileView.swift in Sources */ = {isa = PBXBuildFile; fileRef = DD90D99A2ACE4832003FEEB1 /* ProfileView.swift */; };
		DDA5085E2AC784F200959BC5 /* pokeAPIApp.swift in Sources */ = {isa = PBXBuildFile; fileRef = DDA5085D2AC784F200959BC5 /* pokeAPIApp.swift */; };
		DDA508602AC784F200959BC5 /* ContentView.swift in Sources */ = {isa = PBXBuildFile; fileRef = DDA5085F2AC784F200959BC5 /* ContentView.swift */; };
		DDA508622AC784F300959BC5 /* Assets.xcassets in Resources */ = {isa = PBXBuildFile; fileRef = DDA508612AC784F300959BC5 /* Assets.xcassets */; };
		DDA508652AC784F300959BC5 /* Preview Assets.xcassets in Resources */ = {isa = PBXBuildFile; fileRef = DDA508642AC784F300959BC5 /* Preview Assets.xcassets */; };
		DDA5F4422ADF817C00AAC769 /* FirebaseAnalytics in Frameworks */ = {isa = PBXBuildFile; productRef = DDA5F4412ADF817C00AAC769 /* FirebaseAnalytics */; };
		DDA5F4442ADF817C00AAC769 /* FirebaseAnalyticsOnDeviceConversion in Frameworks */ = {isa = PBXBuildFile; productRef = DDA5F4432ADF817C00AAC769 /* FirebaseAnalyticsOnDeviceConversion */; };
		DDA5F4462ADF817C00AAC769 /* FirebaseAnalyticsSwift in Frameworks */ = {isa = PBXBuildFile; productRef = DDA5F4452ADF817C00AAC769 /* FirebaseAnalyticsSwift */; };
		DDA5F4482ADF817C00AAC769 /* FirebaseAnalyticsWithoutAdIdSupport in Frameworks */ = {isa = PBXBuildFile; productRef = DDA5F4472ADF817C00AAC769 /* FirebaseAnalyticsWithoutAdIdSupport */; };
		DDA5F44A2ADF817C00AAC769 /* FirebaseAppCheck in Frameworks */ = {isa = PBXBuildFile; productRef = DDA5F4492ADF817C00AAC769 /* FirebaseAppCheck */; };
		DDA5F44C2ADF817C00AAC769 /* FirebaseAppDistribution-Beta in Frameworks */ = {isa = PBXBuildFile; productRef = DDA5F44B2ADF817C00AAC769 /* FirebaseAppDistribution-Beta */; };
		DDA5F44E2ADF817C00AAC769 /* FirebaseAuth in Frameworks */ = {isa = PBXBuildFile; productRef = DDA5F44D2ADF817C00AAC769 /* FirebaseAuth */; };
		DDA5F4502ADF817C00AAC769 /* FirebaseAuthCombine-Community in Frameworks */ = {isa = PBXBuildFile; productRef = DDA5F44F2ADF817C00AAC769 /* FirebaseAuthCombine-Community */; };
		DDA5F4522ADF817C00AAC769 /* FirebaseCrashlytics in Frameworks */ = {isa = PBXBuildFile; productRef = DDA5F4512ADF817C00AAC769 /* FirebaseCrashlytics */; };
		DDA5F4542ADF817C00AAC769 /* FirebaseDatabase in Frameworks */ = {isa = PBXBuildFile; productRef = DDA5F4532ADF817C00AAC769 /* FirebaseDatabase */; };
		DDA5F4562ADF817C00AAC769 /* FirebaseDatabaseSwift in Frameworks */ = {isa = PBXBuildFile; productRef = DDA5F4552ADF817C00AAC769 /* FirebaseDatabaseSwift */; };
		DDA5F4582ADF817C00AAC769 /* FirebaseDynamicLinks in Frameworks */ = {isa = PBXBuildFile; productRef = DDA5F4572ADF817C00AAC769 /* FirebaseDynamicLinks */; };
		DDA5F45A2ADF817C00AAC769 /* FirebaseFirestore in Frameworks */ = {isa = PBXBuildFile; productRef = DDA5F4592ADF817C00AAC769 /* FirebaseFirestore */; };
		DDA5F45C2ADF817C00AAC769 /* FirebaseFirestoreCombine-Community in Frameworks */ = {isa = PBXBuildFile; productRef = DDA5F45B2ADF817C00AAC769 /* FirebaseFirestoreCombine-Community */; };
		DDA5F45E2ADF817C00AAC769 /* FirebaseFirestoreSwift in Frameworks */ = {isa = PBXBuildFile; productRef = DDA5F45D2ADF817C00AAC769 /* FirebaseFirestoreSwift */; };
		DDA5F4602ADF817C00AAC769 /* FirebaseFunctions in Frameworks */ = {isa = PBXBuildFile; productRef = DDA5F45F2ADF817C00AAC769 /* FirebaseFunctions */; };
		DDA5F4622ADF817C00AAC769 /* FirebaseFunctionsCombine-Community in Frameworks */ = {isa = PBXBuildFile; productRef = DDA5F4612ADF817C00AAC769 /* FirebaseFunctionsCombine-Community */; };
		DDA5F4642ADF817C00AAC769 /* FirebaseInAppMessaging-Beta in Frameworks */ = {isa = PBXBuildFile; productRef = DDA5F4632ADF817C00AAC769 /* FirebaseInAppMessaging-Beta */; };
		DDA5F4662ADF817C00AAC769 /* FirebaseInAppMessagingSwift-Beta in Frameworks */ = {isa = PBXBuildFile; productRef = DDA5F4652ADF817C00AAC769 /* FirebaseInAppMessagingSwift-Beta */; };
		DDA5F4682ADF817C00AAC769 /* FirebaseInstallations in Frameworks */ = {isa = PBXBuildFile; productRef = DDA5F4672ADF817C00AAC769 /* FirebaseInstallations */; };
		DDA5F46A2ADF817C00AAC769 /* FirebaseMLModelDownloader in Frameworks */ = {isa = PBXBuildFile; productRef = DDA5F4692ADF817C00AAC769 /* FirebaseMLModelDownloader */; };
		DDA5F46C2ADF817C00AAC769 /* FirebaseMessaging in Frameworks */ = {isa = PBXBuildFile; productRef = DDA5F46B2ADF817C00AAC769 /* FirebaseMessaging */; };
		DDA5F46E2ADF817C00AAC769 /* FirebasePerformance in Frameworks */ = {isa = PBXBuildFile; productRef = DDA5F46D2ADF817C00AAC769 /* FirebasePerformance */; };
		DDA5F4702ADF817C00AAC769 /* FirebaseRemoteConfig in Frameworks */ = {isa = PBXBuildFile; productRef = DDA5F46F2ADF817C00AAC769 /* FirebaseRemoteConfig */; };
		DDA5F4722ADF817C00AAC769 /* FirebaseRemoteConfigSwift in Frameworks */ = {isa = PBXBuildFile; productRef = DDA5F4712ADF817C00AAC769 /* FirebaseRemoteConfigSwift */; };
		DDA5F4742ADF817C00AAC769 /* FirebaseStorage in Frameworks */ = {isa = PBXBuildFile; productRef = DDA5F4732ADF817C00AAC769 /* FirebaseStorage */; };
		DDA5F4762ADF817C00AAC769 /* FirebaseStorageCombine-Community in Frameworks */ = {isa = PBXBuildFile; productRef = DDA5F4752ADF817C00AAC769 /* FirebaseStorageCombine-Community */; };
		DDA5F4782ADF82F200AAC769 /* GoogleService-Info.plist in Resources */ = {isa = PBXBuildFile; fileRef = DDA5F4772ADF82F200AAC769 /* GoogleService-Info.plist */; };
		DDA5F47A2ADF869F00AAC769 /* HeaderView.swift in Sources */ = {isa = PBXBuildFile; fileRef = DDA5F4792ADF869F00AAC769 /* HeaderView.swift */; };
		DDA5F47E2ADF87AA00AAC769 /* LoginViewViewModel.swift in Sources */ = {isa = PBXBuildFile; fileRef = DDA5F47D2ADF87AA00AAC769 /* LoginViewViewModel.swift */; };
		DDA5F4832ADF894D00AAC769 /* RegisterViewViewModel.swift in Sources */ = {isa = PBXBuildFile; fileRef = DDA5F4822ADF894D00AAC769 /* RegisterViewViewModel.swift */; };
		DDA5F4852ADF897900AAC769 /* User.swift in Sources */ = {isa = PBXBuildFile; fileRef = DDA5F4842ADF897900AAC769 /* User.swift */; };
		DDA5F4872ADF8A3E00AAC769 /* Extensions.swift in Sources */ = {isa = PBXBuildFile; fileRef = DDA5F4862ADF8A3E00AAC769 /* Extensions.swift */; };
		DDA5F4892ADF8AC200AAC769 /* ContentViewViewModel.swift in Sources */ = {isa = PBXBuildFile; fileRef = DDA5F4882ADF8AC200AAC769 /* ContentViewViewModel.swift */; };
		DDA5F48B2ADF8C1C00AAC769 /* LoadingView.swift in Sources */ = {isa = PBXBuildFile; fileRef = DDA5F48A2ADF8C1C00AAC769 /* LoadingView.swift */; };
		DDA5F48D2ADF915900AAC769 /* HomeView.swift in Sources */ = {isa = PBXBuildFile; fileRef = DDA5F48C2ADF915900AAC769 /* HomeView.swift */; };
		DDA5F48F2ADF928500AAC769 /* Pokemon.swift in Sources */ = {isa = PBXBuildFile; fileRef = DDA5F48E2ADF928500AAC769 /* Pokemon.swift */; };
		DDC444C02ACB3A3F00E5FCAD /* LoginView.swift in Sources */ = {isa = PBXBuildFile; fileRef = DDC444BF2ACB3A3F00E5FCAD /* LoginView.swift */; };
		DDC444C22ACB3B5800E5FCAD /* RegisterView.swift in Sources */ = {isa = PBXBuildFile; fileRef = DDC444C12ACB3B5800E5FCAD /* RegisterView.swift */; };
		DDC444C62ACB506E00E5FCAD /* PokeModel.swift in Sources */ = {isa = PBXBuildFile; fileRef = DDC444C52ACB506E00E5FCAD /* PokeModel.swift */; };
/* End PBXBuildFile section */

/* Begin PBXFileReference section */
		DD3B624C2AF1F207001834C5 /* ProfileViewViewModel.swift */ = {isa = PBXFileReference; lastKnownFileType = sourcecode.swift; path = ProfileViewViewModel.swift; sourceTree = "<group>"; };
		DD90D9902ACE42A6003FEEB1 /* ListView.swift */ = {isa = PBXFileReference; lastKnownFileType = sourcecode.swift; path = ListView.swift; sourceTree = "<group>"; };
		DD90D9942ACE4317003FEEB1 /* CardView.swift */ = {isa = PBXFileReference; lastKnownFileType = sourcecode.swift; path = CardView.swift; sourceTree = "<group>"; };
		DD90D9962ACE47E2003FEEB1 /* SearchView.swift */ = {isa = PBXFileReference; lastKnownFileType = sourcecode.swift; path = SearchView.swift; sourceTree = "<group>"; };
		DD90D9982ACE4814003FEEB1 /* FavouritesView.swift */ = {isa = PBXFileReference; lastKnownFileType = sourcecode.swift; path = FavouritesView.swift; sourceTree = "<group>"; };
		DD90D99A2ACE4832003FEEB1 /* ProfileView.swift */ = {isa = PBXFileReference; lastKnownFileType = sourcecode.swift; path = ProfileView.swift; sourceTree = "<group>"; };
		DDA5085A2AC784F200959BC5 /* pokeAPI.app */ = {isa = PBXFileReference; explicitFileType = wrapper.application; includeInIndex = 0; path = pokeAPI.app; sourceTree = BUILT_PRODUCTS_DIR; };
		DDA5085D2AC784F200959BC5 /* pokeAPIApp.swift */ = {isa = PBXFileReference; lastKnownFileType = sourcecode.swift; path = pokeAPIApp.swift; sourceTree = "<group>"; };
		DDA5085F2AC784F200959BC5 /* ContentView.swift */ = {isa = PBXFileReference; lastKnownFileType = sourcecode.swift; path = ContentView.swift; sourceTree = "<group>"; };
		DDA508612AC784F300959BC5 /* Assets.xcassets */ = {isa = PBXFileReference; lastKnownFileType = folder.assetcatalog; path = Assets.xcassets; sourceTree = "<group>"; };
		DDA508642AC784F300959BC5 /* Preview Assets.xcassets */ = {isa = PBXFileReference; lastKnownFileType = folder.assetcatalog; path = "Preview Assets.xcassets"; sourceTree = "<group>"; };
		DDA5F4772ADF82F200AAC769 /* GoogleService-Info.plist */ = {isa = PBXFileReference; fileEncoding = 4; lastKnownFileType = text.plist.xml; path = "GoogleService-Info.plist"; sourceTree = "<group>"; };
		DDA5F4792ADF869F00AAC769 /* HeaderView.swift */ = {isa = PBXFileReference; lastKnownFileType = sourcecode.swift; path = HeaderView.swift; sourceTree = "<group>"; };
		DDA5F47D2ADF87AA00AAC769 /* LoginViewViewModel.swift */ = {isa = PBXFileReference; lastKnownFileType = sourcecode.swift; path = LoginViewViewModel.swift; sourceTree = "<group>"; };
		DDA5F4822ADF894D00AAC769 /* RegisterViewViewModel.swift */ = {isa = PBXFileReference; lastKnownFileType = sourcecode.swift; path = RegisterViewViewModel.swift; sourceTree = "<group>"; };
		DDA5F4842ADF897900AAC769 /* User.swift */ = {isa = PBXFileReference; lastKnownFileType = sourcecode.swift; path = User.swift; sourceTree = "<group>"; };
		DDA5F4862ADF8A3E00AAC769 /* Extensions.swift */ = {isa = PBXFileReference; lastKnownFileType = sourcecode.swift; path = Extensions.swift; sourceTree = "<group>"; };
		DDA5F4882ADF8AC200AAC769 /* ContentViewViewModel.swift */ = {isa = PBXFileReference; lastKnownFileType = sourcecode.swift; path = ContentViewViewModel.swift; sourceTree = "<group>"; };
		DDA5F48A2ADF8C1C00AAC769 /* LoadingView.swift */ = {isa = PBXFileReference; lastKnownFileType = sourcecode.swift; path = LoadingView.swift; sourceTree = "<group>"; };
		DDA5F48C2ADF915900AAC769 /* HomeView.swift */ = {isa = PBXFileReference; lastKnownFileType = sourcecode.swift; path = HomeView.swift; sourceTree = "<group>"; };
		DDA5F48E2ADF928500AAC769 /* Pokemon.swift */ = {isa = PBXFileReference; lastKnownFileType = sourcecode.swift; path = Pokemon.swift; sourceTree = "<group>"; };
		DDC444BF2ACB3A3F00E5FCAD /* LoginView.swift */ = {isa = PBXFileReference; lastKnownFileType = sourcecode.swift; path = LoginView.swift; sourceTree = "<group>"; };
		DDC444C12ACB3B5800E5FCAD /* RegisterView.swift */ = {isa = PBXFileReference; lastKnownFileType = sourcecode.swift; path = RegisterView.swift; sourceTree = "<group>"; };
		DDC444C52ACB506E00E5FCAD /* PokeModel.swift */ = {isa = PBXFileReference; lastKnownFileType = sourcecode.swift; path = PokeModel.swift; sourceTree = "<group>"; };
/* End PBXFileReference section */

/* Begin PBXFrameworksBuildPhase section */
		DDA508572AC784F200959BC5 /* Frameworks */ = {
			isa = PBXFrameworksBuildPhase;
			buildActionMask = 2147483647;
			files = (
				DDA5F4542ADF817C00AAC769 /* FirebaseDatabase in Frameworks */,
				DDA5F4622ADF817C00AAC769 /* FirebaseFunctionsCombine-Community in Frameworks */,
				DDA5F45A2ADF817C00AAC769 /* FirebaseFirestore in Frameworks */,
				DDA5F4462ADF817C00AAC769 /* FirebaseAnalyticsSwift in Frameworks */,
				DDA5F4422ADF817C00AAC769 /* FirebaseAnalytics in Frameworks */,
				DDA5F4442ADF817C00AAC769 /* FirebaseAnalyticsOnDeviceConversion in Frameworks */,
				DDA5F46A2ADF817C00AAC769 /* FirebaseMLModelDownloader in Frameworks */,
				DDA5F45E2ADF817C00AAC769 /* FirebaseFirestoreSwift in Frameworks */,
				DDA5F44A2ADF817C00AAC769 /* FirebaseAppCheck in Frameworks */,
				DDA5F4482ADF817C00AAC769 /* FirebaseAnalyticsWithoutAdIdSupport in Frameworks */,
				DDA5F44E2ADF817C00AAC769 /* FirebaseAuth in Frameworks */,
				DDA5F4522ADF817C00AAC769 /* FirebaseCrashlytics in Frameworks */,
				DDA5F4722ADF817C00AAC769 /* FirebaseRemoteConfigSwift in Frameworks */,
				DDA5F4642ADF817C00AAC769 /* FirebaseInAppMessaging-Beta in Frameworks */,
				DDA5F4562ADF817C00AAC769 /* FirebaseDatabaseSwift in Frameworks */,
				DDA5F4602ADF817C00AAC769 /* FirebaseFunctions in Frameworks */,
				DDA5F4762ADF817C00AAC769 /* FirebaseStorageCombine-Community in Frameworks */,
				DDA5F4702ADF817C00AAC769 /* FirebaseRemoteConfig in Frameworks */,
				DDA5F44C2ADF817C00AAC769 /* FirebaseAppDistribution-Beta in Frameworks */,
				DDA5F4502ADF817C00AAC769 /* FirebaseAuthCombine-Community in Frameworks */,
				DDA5F46E2ADF817C00AAC769 /* FirebasePerformance in Frameworks */,
				DDA5F4662ADF817C00AAC769 /* FirebaseInAppMessagingSwift-Beta in Frameworks */,
				DDA5F4742ADF817C00AAC769 /* FirebaseStorage in Frameworks */,
				DDA5F4582ADF817C00AAC769 /* FirebaseDynamicLinks in Frameworks */,
				DDA5F45C2ADF817C00AAC769 /* FirebaseFirestoreCombine-Community in Frameworks */,
				DDA5F46C2ADF817C00AAC769 /* FirebaseMessaging in Frameworks */,
				DDA5F4682ADF817C00AAC769 /* FirebaseInstallations in Frameworks */,
			);
			runOnlyForDeploymentPostprocessing = 0;
		};
/* End PBXFrameworksBuildPhase section */

/* Begin PBXGroup section */
		DD180CE52AD0B4A700C798CD /* Data */ = {
			isa = PBXGroup;
			children = (
				DDC444C52ACB506E00E5FCAD /* PokeModel.swift */,
			);
			path = Data;
			sourceTree = "<group>";
		};
		DDA508512AC784F100959BC5 = {
			isa = PBXGroup;
			children = (
				DDA5085C2AC784F200959BC5 /* pokeAPI */,
				DDA5085B2AC784F200959BC5 /* Products */,
			);
			sourceTree = "<group>";
		};
		DDA5085B2AC784F200959BC5 /* Products */ = {
			isa = PBXGroup;
			children = (
				DDA5085A2AC784F200959BC5 /* pokeAPI.app */,
			);
			name = Products;
			sourceTree = "<group>";
		};
		DDA5085C2AC784F200959BC5 /* pokeAPI */ = {
			isa = PBXGroup;
			children = (
				DDA5F43B2ADF7CE500AAC769 /* Others */,
				DDA5F43C2ADF7D2500AAC769 /* Models */,
				DDA5F43E2ADF7D4200AAC769 /* Views */,
				DDA5F43F2ADF7D5100AAC769 /* ViewModels */,
				DD180CE52AD0B4A700C798CD /* Data */,
				DDA508612AC784F300959BC5 /* Assets.xcassets */,
				DDA508632AC784F300959BC5 /* Preview Content */,
			);
			path = pokeAPI;
			sourceTree = "<group>";
		};
		DDA508632AC784F300959BC5 /* Preview Content */ = {
			isa = PBXGroup;
			children = (
				DDA508642AC784F300959BC5 /* Preview Assets.xcassets */,
			);
			path = "Preview Content";
			sourceTree = "<group>";
		};
		DDA5F43B2ADF7CE500AAC769 /* Others */ = {
			isa = PBXGroup;
			children = (
				DDA5F4772ADF82F200AAC769 /* GoogleService-Info.plist */,
				DDA5085D2AC784F200959BC5 /* pokeAPIApp.swift */,
				DDA5F4862ADF8A3E00AAC769 /* Extensions.swift */,
			);
			path = Others;
			sourceTree = "<group>";
		};
		DDA5F43C2ADF7D2500AAC769 /* Models */ = {
			isa = PBXGroup;
			children = (
				DDA5F4842ADF897900AAC769 /* User.swift */,
				DDA5F48E2ADF928500AAC769 /* Pokemon.swift */,
			);
			path = Models;
			sourceTree = "<group>";
		};
		DDA5F43E2ADF7D4200AAC769 /* Views */ = {
			isa = PBXGroup;
			children = (
				DDA5F47F2ADF880600AAC769 /* Partials */,
				DDA5085F2AC784F200959BC5 /* ContentView.swift */,
				DDC444BF2ACB3A3F00E5FCAD /* LoginView.swift */,
				DDC444C12ACB3B5800E5FCAD /* RegisterView.swift */,
				DDA5F48C2ADF915900AAC769 /* HomeView.swift */,
				DD90D9902ACE42A6003FEEB1 /* ListView.swift */,
				DD90D9942ACE4317003FEEB1 /* CardView.swift */,
				DD90D9962ACE47E2003FEEB1 /* SearchView.swift */,
				DD90D9982ACE4814003FEEB1 /* FavouritesView.swift */,
				DD90D99A2ACE4832003FEEB1 /* ProfileView.swift */,
			);
			path = Views;
			sourceTree = "<group>";
		};
		DDA5F43F2ADF7D5100AAC769 /* ViewModels */ = {
			isa = PBXGroup;
			children = (
				DDA5F4882ADF8AC200AAC769 /* ContentViewViewModel.swift */,
				DDA5F47D2ADF87AA00AAC769 /* LoginViewViewModel.swift */,
				DDA5F4822ADF894D00AAC769 /* RegisterViewViewModel.swift */,
				DD3B624C2AF1F207001834C5 /* ProfileViewViewModel.swift */,
			);
			path = ViewModels;
			sourceTree = "<group>";
		};
		DDA5F47F2ADF880600AAC769 /* Partials */ = {
			isa = PBXGroup;
			children = (
				DDA5F4792ADF869F00AAC769 /* HeaderView.swift */,
				DDA5F48A2ADF8C1C00AAC769 /* LoadingView.swift */,
			);
			path = Partials;
			sourceTree = "<group>";
		};
/* End PBXGroup section */

/* Begin PBXNativeTarget section */
		DDA508592AC784F200959BC5 /* pokeAPI */ = {
			isa = PBXNativeTarget;
			buildConfigurationList = DDA508682AC784F300959BC5 /* Build configuration list for PBXNativeTarget "pokeAPI" */;
			buildPhases = (
				DDA508562AC784F200959BC5 /* Sources */,
				DDA508572AC784F200959BC5 /* Frameworks */,
				DDA508582AC784F200959BC5 /* Resources */,
			);
			buildRules = (
			);
			dependencies = (
			);
			name = pokeAPI;
			packageProductDependencies = (
				DDA5F4412ADF817C00AAC769 /* FirebaseAnalytics */,
				DDA5F4432ADF817C00AAC769 /* FirebaseAnalyticsOnDeviceConversion */,
				DDA5F4452ADF817C00AAC769 /* FirebaseAnalyticsSwift */,
				DDA5F4472ADF817C00AAC769 /* FirebaseAnalyticsWithoutAdIdSupport */,
				DDA5F4492ADF817C00AAC769 /* FirebaseAppCheck */,
				DDA5F44B2ADF817C00AAC769 /* FirebaseAppDistribution-Beta */,
				DDA5F44D2ADF817C00AAC769 /* FirebaseAuth */,
				DDA5F44F2ADF817C00AAC769 /* FirebaseAuthCombine-Community */,
				DDA5F4512ADF817C00AAC769 /* FirebaseCrashlytics */,
				DDA5F4532ADF817C00AAC769 /* FirebaseDatabase */,
				DDA5F4552ADF817C00AAC769 /* FirebaseDatabaseSwift */,
				DDA5F4572ADF817C00AAC769 /* FirebaseDynamicLinks */,
				DDA5F4592ADF817C00AAC769 /* FirebaseFirestore */,
				DDA5F45B2ADF817C00AAC769 /* FirebaseFirestoreCombine-Community */,
				DDA5F45D2ADF817C00AAC769 /* FirebaseFirestoreSwift */,
				DDA5F45F2ADF817C00AAC769 /* FirebaseFunctions */,
				DDA5F4612ADF817C00AAC769 /* FirebaseFunctionsCombine-Community */,
				DDA5F4632ADF817C00AAC769 /* FirebaseInAppMessaging-Beta */,
				DDA5F4652ADF817C00AAC769 /* FirebaseInAppMessagingSwift-Beta */,
				DDA5F4672ADF817C00AAC769 /* FirebaseInstallations */,
				DDA5F4692ADF817C00AAC769 /* FirebaseMLModelDownloader */,
				DDA5F46B2ADF817C00AAC769 /* FirebaseMessaging */,
				DDA5F46D2ADF817C00AAC769 /* FirebasePerformance */,
				DDA5F46F2ADF817C00AAC769 /* FirebaseRemoteConfig */,
				DDA5F4712ADF817C00AAC769 /* FirebaseRemoteConfigSwift */,
				DDA5F4732ADF817C00AAC769 /* FirebaseStorage */,
				DDA5F4752ADF817C00AAC769 /* FirebaseStorageCombine-Community */,
			);
			productName = pokeAPI;
			productReference = DDA5085A2AC784F200959BC5 /* pokeAPI.app */;
			productType = "com.apple.product-type.application";
		};
/* End PBXNativeTarget section */

/* Begin PBXProject section */
		DDA508522AC784F100959BC5 /* Project object */ = {
			isa = PBXProject;
			attributes = {
				BuildIndependentTargetsInParallel = 1;
				LastSwiftUpdateCheck = 1500;
				LastUpgradeCheck = 1500;
				TargetAttributes = {
					DDA508592AC784F200959BC5 = {
						CreatedOnToolsVersion = 15.0;
					};
				};
			};
			buildConfigurationList = DDA508552AC784F100959BC5 /* Build configuration list for PBXProject "pokeAPI" */;
			compatibilityVersion = "Xcode 14.0";
			developmentRegion = en;
			hasScannedForEncodings = 0;
			knownRegions = (
				en,
				Base,
			);
			mainGroup = DDA508512AC784F100959BC5;
			packageReferences = (
				DDA5F4402ADF817C00AAC769 /* XCRemoteSwiftPackageReference "firebase-ios-sdk" */,
			);
			productRefGroup = DDA5085B2AC784F200959BC5 /* Products */;
			projectDirPath = "";
			projectRoot = "";
			targets = (
				DDA508592AC784F200959BC5 /* pokeAPI */,
			);
		};
/* End PBXProject section */

/* Begin PBXResourcesBuildPhase section */
		DDA508582AC784F200959BC5 /* Resources */ = {
			isa = PBXResourcesBuildPhase;
			buildActionMask = 2147483647;
			files = (
				DDA508652AC784F300959BC5 /* Preview Assets.xcassets in Resources */,
				DDA508622AC784F300959BC5 /* Assets.xcassets in Resources */,
				DDA5F4782ADF82F200AAC769 /* GoogleService-Info.plist in Resources */,
			);
			runOnlyForDeploymentPostprocessing = 0;
		};
/* End PBXResourcesBuildPhase section */

/* Begin PBXSourcesBuildPhase section */
		DDA508562AC784F200959BC5 /* Sources */ = {
			isa = PBXSourcesBuildPhase;
			buildActionMask = 2147483647;
			files = (
				DD90D9952ACE4317003FEEB1 /* CardView.swift in Sources */,
				DD90D9972ACE47E2003FEEB1 /* SearchView.swift in Sources */,
				DDC444C62ACB506E00E5FCAD /* PokeModel.swift in Sources */,
				DDA508602AC784F200959BC5 /* ContentView.swift in Sources */,
				DD90D9912ACE42A6003FEEB1 /* ListView.swift in Sources */,
				DDA5F48F2ADF928500AAC769 /* Pokemon.swift in Sources */,
				DDA5F4832ADF894D00AAC769 /* RegisterViewViewModel.swift in Sources */,
				DDA5F47E2ADF87AA00AAC769 /* LoginViewViewModel.swift in Sources */,
				DDA5F4852ADF897900AAC769 /* User.swift in Sources */,
				DDC444C22ACB3B5800E5FCAD /* RegisterView.swift in Sources */,
				DDA5F4892ADF8AC200AAC769 /* ContentViewViewModel.swift in Sources */,
				DDA5F47A2ADF869F00AAC769 /* HeaderView.swift in Sources */,
				DDA5F4872ADF8A3E00AAC769 /* Extensions.swift in Sources */,
				DDC444C02ACB3A3F00E5FCAD /* LoginView.swift in Sources */,
				DD90D9992ACE4814003FEEB1 /* FavouritesView.swift in Sources */,
				DD90D99B2ACE4832003FEEB1 /* ProfileView.swift in Sources */,
				DDA5085E2AC784F200959BC5 /* pokeAPIApp.swift in Sources */,
				DD3B624D2AF1F207001834C5 /* ProfileViewViewModel.swift in Sources */,
				DDA5F48B2ADF8C1C00AAC769 /* LoadingView.swift in Sources */,
				DDA5F48D2ADF915900AAC769 /* HomeView.swift in Sources */,
			);
			runOnlyForDeploymentPostprocessing = 0;
		};
/* End PBXSourcesBuildPhase section */

/* Begin XCBuildConfiguration section */
		DDA508662AC784F300959BC5 /* Debug */ = {
			isa = XCBuildConfiguration;
			buildSettings = {
				ALWAYS_SEARCH_USER_PATHS = NO;
				ASSETCATALOG_COMPILER_GENERATE_SWIFT_ASSET_SYMBOL_EXTENSIONS = YES;
				CLANG_ANALYZER_NONNULL = YES;
				CLANG_ANALYZER_NUMBER_OBJECT_CONVERSION = YES_AGGRESSIVE;
				CLANG_CXX_LANGUAGE_STANDARD = "gnu++20";
				CLANG_ENABLE_MODULES = YES;
				CLANG_ENABLE_OBJC_ARC = YES;
				CLANG_ENABLE_OBJC_WEAK = YES;
				CLANG_WARN_BLOCK_CAPTURE_AUTORELEASING = YES;
				CLANG_WARN_BOOL_CONVERSION = YES;
				CLANG_WARN_COMMA = YES;
				CLANG_WARN_CONSTANT_CONVERSION = YES;
				CLANG_WARN_DEPRECATED_OBJC_IMPLEMENTATIONS = YES;
				CLANG_WARN_DIRECT_OBJC_ISA_USAGE = YES_ERROR;
				CLANG_WARN_DOCUMENTATION_COMMENTS = YES;
				CLANG_WARN_EMPTY_BODY = YES;
				CLANG_WARN_ENUM_CONVERSION = YES;
				CLANG_WARN_INFINITE_RECURSION = YES;
				CLANG_WARN_INT_CONVERSION = YES;
				CLANG_WARN_NON_LITERAL_NULL_CONVERSION = YES;
				CLANG_WARN_OBJC_IMPLICIT_RETAIN_SELF = YES;
				CLANG_WARN_OBJC_LITERAL_CONVERSION = YES;
				CLANG_WARN_OBJC_ROOT_CLASS = YES_ERROR;
				CLANG_WARN_QUOTED_INCLUDE_IN_FRAMEWORK_HEADER = YES;
				CLANG_WARN_RANGE_LOOP_ANALYSIS = YES;
				CLANG_WARN_STRICT_PROTOTYPES = YES;
				CLANG_WARN_SUSPICIOUS_MOVE = YES;
				CLANG_WARN_UNGUARDED_AVAILABILITY = YES_AGGRESSIVE;
				CLANG_WARN_UNREACHABLE_CODE = YES;
				CLANG_WARN__DUPLICATE_METHOD_MATCH = YES;
				COPY_PHASE_STRIP = NO;
				DEBUG_INFORMATION_FORMAT = dwarf;
				ENABLE_STRICT_OBJC_MSGSEND = YES;
				ENABLE_TESTABILITY = YES;
				ENABLE_USER_SCRIPT_SANDBOXING = YES;
				GCC_C_LANGUAGE_STANDARD = gnu17;
				GCC_DYNAMIC_NO_PIC = NO;
				GCC_NO_COMMON_BLOCKS = YES;
				GCC_OPTIMIZATION_LEVEL = 0;
				GCC_PREPROCESSOR_DEFINITIONS = (
					"DEBUG=1",
					"$(inherited)",
				);
				GCC_WARN_64_TO_32_BIT_CONVERSION = YES;
				GCC_WARN_ABOUT_RETURN_TYPE = YES_ERROR;
				GCC_WARN_UNDECLARED_SELECTOR = YES;
				GCC_WARN_UNINITIALIZED_AUTOS = YES_AGGRESSIVE;
				GCC_WARN_UNUSED_FUNCTION = YES;
				GCC_WARN_UNUSED_VARIABLE = YES;
				IPHONEOS_DEPLOYMENT_TARGET = 17.0;
				LOCALIZATION_PREFERS_STRING_CATALOGS = YES;
				MTL_ENABLE_DEBUG_INFO = INCLUDE_SOURCE;
				MTL_FAST_MATH = YES;
				ONLY_ACTIVE_ARCH = YES;
				SDKROOT = iphoneos;
				SWIFT_ACTIVE_COMPILATION_CONDITIONS = "DEBUG $(inherited)";
				SWIFT_OPTIMIZATION_LEVEL = "-Onone";
			};
			name = Debug;
		};
		DDA508672AC784F300959BC5 /* Release */ = {
			isa = XCBuildConfiguration;
			buildSettings = {
				ALWAYS_SEARCH_USER_PATHS = NO;
				ASSETCATALOG_COMPILER_GENERATE_SWIFT_ASSET_SYMBOL_EXTENSIONS = YES;
				CLANG_ANALYZER_NONNULL = YES;
				CLANG_ANALYZER_NUMBER_OBJECT_CONVERSION = YES_AGGRESSIVE;
				CLANG_CXX_LANGUAGE_STANDARD = "gnu++20";
				CLANG_ENABLE_MODULES = YES;
				CLANG_ENABLE_OBJC_ARC = YES;
				CLANG_ENABLE_OBJC_WEAK = YES;
				CLANG_WARN_BLOCK_CAPTURE_AUTORELEASING = YES;
				CLANG_WARN_BOOL_CONVERSION = YES;
				CLANG_WARN_COMMA = YES;
				CLANG_WARN_CONSTANT_CONVERSION = YES;
				CLANG_WARN_DEPRECATED_OBJC_IMPLEMENTATIONS = YES;
				CLANG_WARN_DIRECT_OBJC_ISA_USAGE = YES_ERROR;
				CLANG_WARN_DOCUMENTATION_COMMENTS = YES;
				CLANG_WARN_EMPTY_BODY = YES;
				CLANG_WARN_ENUM_CONVERSION = YES;
				CLANG_WARN_INFINITE_RECURSION = YES;
				CLANG_WARN_INT_CONVERSION = YES;
				CLANG_WARN_NON_LITERAL_NULL_CONVERSION = YES;
				CLANG_WARN_OBJC_IMPLICIT_RETAIN_SELF = YES;
				CLANG_WARN_OBJC_LITERAL_CONVERSION = YES;
				CLANG_WARN_OBJC_ROOT_CLASS = YES_ERROR;
				CLANG_WARN_QUOTED_INCLUDE_IN_FRAMEWORK_HEADER = YES;
				CLANG_WARN_RANGE_LOOP_ANALYSIS = YES;
				CLANG_WARN_STRICT_PROTOTYPES = YES;
				CLANG_WARN_SUSPICIOUS_MOVE = YES;
				CLANG_WARN_UNGUARDED_AVAILABILITY = YES_AGGRESSIVE;
				CLANG_WARN_UNREACHABLE_CODE = YES;
				CLANG_WARN__DUPLICATE_METHOD_MATCH = YES;
				COPY_PHASE_STRIP = NO;
				DEBUG_INFORMATION_FORMAT = "dwarf-with-dsym";
				ENABLE_NS_ASSERTIONS = NO;
				ENABLE_STRICT_OBJC_MSGSEND = YES;
				ENABLE_USER_SCRIPT_SANDBOXING = YES;
				GCC_C_LANGUAGE_STANDARD = gnu17;
				GCC_NO_COMMON_BLOCKS = YES;
				GCC_WARN_64_TO_32_BIT_CONVERSION = YES;
				GCC_WARN_ABOUT_RETURN_TYPE = YES_ERROR;
				GCC_WARN_UNDECLARED_SELECTOR = YES;
				GCC_WARN_UNINITIALIZED_AUTOS = YES_AGGRESSIVE;
				GCC_WARN_UNUSED_FUNCTION = YES;
				GCC_WARN_UNUSED_VARIABLE = YES;
				IPHONEOS_DEPLOYMENT_TARGET = 17.0;
				LOCALIZATION_PREFERS_STRING_CATALOGS = YES;
				MTL_ENABLE_DEBUG_INFO = NO;
				MTL_FAST_MATH = YES;
				SDKROOT = iphoneos;
				SWIFT_COMPILATION_MODE = wholemodule;
				VALIDATE_PRODUCT = YES;
			};
			name = Release;
		};
		DDA508692AC784F300959BC5 /* Debug */ = {
			isa = XCBuildConfiguration;
			buildSettings = {
				ASSETCATALOG_COMPILER_APPICON_NAME = AppIcon;
				ASSETCATALOG_COMPILER_GLOBAL_ACCENT_COLOR_NAME = AccentColor;
				CODE_SIGN_STYLE = Automatic;
				CURRENT_PROJECT_VERSION = 1;
				DEVELOPMENT_ASSET_PATHS = "\"pokeAPI/Preview Content\"";
				ENABLE_PREVIEWS = YES;
				GENERATE_INFOPLIST_FILE = YES;
				INFOPLIST_KEY_UIApplicationSceneManifest_Generation = YES;
				INFOPLIST_KEY_UIApplicationSupportsIndirectInputEvents = YES;
				INFOPLIST_KEY_UILaunchScreen_Generation = YES;
				INFOPLIST_KEY_UISupportedInterfaceOrientations = UIInterfaceOrientationPortrait;
				LD_RUNPATH_SEARCH_PATHS = (
					"$(inherited)",
					"@executable_path/Frameworks",
				);
				MARKETING_VERSION = 1.0;
				PRODUCT_BUNDLE_IDENTIFIER = ca.bcit.pokeAPI;
				PRODUCT_NAME = "$(TARGET_NAME)";
				SWIFT_EMIT_LOC_STRINGS = YES;
				SWIFT_VERSION = 5.0;
				TARGETED_DEVICE_FAMILY = "1,2";
			};
			name = Debug;
		};
		DDA5086A2AC784F300959BC5 /* Release */ = {
			isa = XCBuildConfiguration;
			buildSettings = {
				ASSETCATALOG_COMPILER_APPICON_NAME = AppIcon;
				ASSETCATALOG_COMPILER_GLOBAL_ACCENT_COLOR_NAME = AccentColor;
				CODE_SIGN_STYLE = Automatic;
				CURRENT_PROJECT_VERSION = 1;
				DEVELOPMENT_ASSET_PATHS = "\"pokeAPI/Preview Content\"";
				ENABLE_PREVIEWS = YES;
				GENERATE_INFOPLIST_FILE = YES;
				INFOPLIST_KEY_UIApplicationSceneManifest_Generation = YES;
				INFOPLIST_KEY_UIApplicationSupportsIndirectInputEvents = YES;
				INFOPLIST_KEY_UILaunchScreen_Generation = YES;
				INFOPLIST_KEY_UISupportedInterfaceOrientations = UIInterfaceOrientationPortrait;
				LD_RUNPATH_SEARCH_PATHS = (
					"$(inherited)",
					"@executable_path/Frameworks",
				);
				MARKETING_VERSION = 1.0;
				PRODUCT_BUNDLE_IDENTIFIER = ca.bcit.pokeAPI;
				PRODUCT_NAME = "$(TARGET_NAME)";
				SWIFT_EMIT_LOC_STRINGS = YES;
				SWIFT_VERSION = 5.0;
				TARGETED_DEVICE_FAMILY = "1,2";
			};
			name = Release;
		};
/* End XCBuildConfiguration section */

/* Begin XCConfigurationList section */
		DDA508552AC784F100959BC5 /* Build configuration list for PBXProject "pokeAPI" */ = {
			isa = XCConfigurationList;
			buildConfigurations = (
				DDA508662AC784F300959BC5 /* Debug */,
				DDA508672AC784F300959BC5 /* Release */,
			);
			defaultConfigurationIsVisible = 0;
			defaultConfigurationName = Release;
		};
		DDA508682AC784F300959BC5 /* Build configuration list for PBXNativeTarget "pokeAPI" */ = {
			isa = XCConfigurationList;
			buildConfigurations = (
				DDA508692AC784F300959BC5 /* Debug */,
				DDA5086A2AC784F300959BC5 /* Release */,
			);
			defaultConfigurationIsVisible = 0;
			defaultConfigurationName = Release;
		};
/* End XCConfigurationList section */

/* Begin XCRemoteSwiftPackageReference section */
		DDA5F4402ADF817C00AAC769 /* XCRemoteSwiftPackageReference "firebase-ios-sdk" */ = {
			isa = XCRemoteSwiftPackageReference;
			repositoryURL = "https://github.com/firebase/firebase-ios-sdk";
			requirement = {
				kind = upToNextMajorVersion;
				minimumVersion = 10.16.0;
			};
		};
/* End XCRemoteSwiftPackageReference section */

/* Begin XCSwiftPackageProductDependency section */
		DDA5F4412ADF817C00AAC769 /* FirebaseAnalytics */ = {
			isa = XCSwiftPackageProductDependency;
			package = DDA5F4402ADF817C00AAC769 /* XCRemoteSwiftPackageReference "firebase-ios-sdk" */;
			productName = FirebaseAnalytics;
		};
		DDA5F4432ADF817C00AAC769 /* FirebaseAnalyticsOnDeviceConversion */ = {
			isa = XCSwiftPackageProductDependency;
			package = DDA5F4402ADF817C00AAC769 /* XCRemoteSwiftPackageReference "firebase-ios-sdk" */;
			productName = FirebaseAnalyticsOnDeviceConversion;
		};
		DDA5F4452ADF817C00AAC769 /* FirebaseAnalyticsSwift */ = {
			isa = XCSwiftPackageProductDependency;
			package = DDA5F4402ADF817C00AAC769 /* XCRemoteSwiftPackageReference "firebase-ios-sdk" */;
			productName = FirebaseAnalyticsSwift;
		};
		DDA5F4472ADF817C00AAC769 /* FirebaseAnalyticsWithoutAdIdSupport */ = {
			isa = XCSwiftPackageProductDependency;
			package = DDA5F4402ADF817C00AAC769 /* XCRemoteSwiftPackageReference "firebase-ios-sdk" */;
			productName = FirebaseAnalyticsWithoutAdIdSupport;
		};
		DDA5F4492ADF817C00AAC769 /* FirebaseAppCheck */ = {
			isa = XCSwiftPackageProductDependency;
			package = DDA5F4402ADF817C00AAC769 /* XCRemoteSwiftPackageReference "firebase-ios-sdk" */;
			productName = FirebaseAppCheck;
		};
		DDA5F44B2ADF817C00AAC769 /* FirebaseAppDistribution-Beta */ = {
			isa = XCSwiftPackageProductDependency;
			package = DDA5F4402ADF817C00AAC769 /* XCRemoteSwiftPackageReference "firebase-ios-sdk" */;
			productName = "FirebaseAppDistribution-Beta";
		};
		DDA5F44D2ADF817C00AAC769 /* FirebaseAuth */ = {
			isa = XCSwiftPackageProductDependency;
			package = DDA5F4402ADF817C00AAC769 /* XCRemoteSwiftPackageReference "firebase-ios-sdk" */;
			productName = FirebaseAuth;
		};
		DDA5F44F2ADF817C00AAC769 /* FirebaseAuthCombine-Community */ = {
			isa = XCSwiftPackageProductDependency;
			package = DDA5F4402ADF817C00AAC769 /* XCRemoteSwiftPackageReference "firebase-ios-sdk" */;
			productName = "FirebaseAuthCombine-Community";
		};
		DDA5F4512ADF817C00AAC769 /* FirebaseCrashlytics */ = {
			isa = XCSwiftPackageProductDependency;
			package = DDA5F4402ADF817C00AAC769 /* XCRemoteSwiftPackageReference "firebase-ios-sdk" */;
			productName = FirebaseCrashlytics;
		};
		DDA5F4532ADF817C00AAC769 /* FirebaseDatabase */ = {
			isa = XCSwiftPackageProductDependency;
			package = DDA5F4402ADF817C00AAC769 /* XCRemoteSwiftPackageReference "firebase-ios-sdk" */;
			productName = FirebaseDatabase;
		};
		DDA5F4552ADF817C00AAC769 /* FirebaseDatabaseSwift */ = {
			isa = XCSwiftPackageProductDependency;
			package = DDA5F4402ADF817C00AAC769 /* XCRemoteSwiftPackageReference "firebase-ios-sdk" */;
			productName = FirebaseDatabaseSwift;
		};
		DDA5F4572ADF817C00AAC769 /* FirebaseDynamicLinks */ = {
			isa = XCSwiftPackageProductDependency;
			package = DDA5F4402ADF817C00AAC769 /* XCRemoteSwiftPackageReference "firebase-ios-sdk" */;
			productName = FirebaseDynamicLinks;
		};
		DDA5F4592ADF817C00AAC769 /* FirebaseFirestore */ = {
			isa = XCSwiftPackageProductDependency;
			package = DDA5F4402ADF817C00AAC769 /* XCRemoteSwiftPackageReference "firebase-ios-sdk" */;
			productName = FirebaseFirestore;
		};
		DDA5F45B2ADF817C00AAC769 /* FirebaseFirestoreCombine-Community */ = {
			isa = XCSwiftPackageProductDependency;
			package = DDA5F4402ADF817C00AAC769 /* XCRemoteSwiftPackageReference "firebase-ios-sdk" */;
			productName = "FirebaseFirestoreCombine-Community";
		};
		DDA5F45D2ADF817C00AAC769 /* FirebaseFirestoreSwift */ = {
			isa = XCSwiftPackageProductDependency;
			package = DDA5F4402ADF817C00AAC769 /* XCRemoteSwiftPackageReference "firebase-ios-sdk" */;
			productName = FirebaseFirestoreSwift;
		};
		DDA5F45F2ADF817C00AAC769 /* FirebaseFunctions */ = {
			isa = XCSwiftPackageProductDependency;
			package = DDA5F4402ADF817C00AAC769 /* XCRemoteSwiftPackageReference "firebase-ios-sdk" */;
			productName = FirebaseFunctions;
		};
		DDA5F4612ADF817C00AAC769 /* FirebaseFunctionsCombine-Community */ = {
			isa = XCSwiftPackageProductDependency;
			package = DDA5F4402ADF817C00AAC769 /* XCRemoteSwiftPackageReference "firebase-ios-sdk" */;
			productName = "FirebaseFunctionsCombine-Community";
		};
		DDA5F4632ADF817C00AAC769 /* FirebaseInAppMessaging-Beta */ = {
			isa = XCSwiftPackageProductDependency;
			package = DDA5F4402ADF817C00AAC769 /* XCRemoteSwiftPackageReference "firebase-ios-sdk" */;
			productName = "FirebaseInAppMessaging-Beta";
		};
		DDA5F4652ADF817C00AAC769 /* FirebaseInAppMessagingSwift-Beta */ = {
			isa = XCSwiftPackageProductDependency;
			package = DDA5F4402ADF817C00AAC769 /* XCRemoteSwiftPackageReference "firebase-ios-sdk" */;
			productName = "FirebaseInAppMessagingSwift-Beta";
		};
		DDA5F4672ADF817C00AAC769 /* FirebaseInstallations */ = {
			isa = XCSwiftPackageProductDependency;
			package = DDA5F4402ADF817C00AAC769 /* XCRemoteSwiftPackageReference "firebase-ios-sdk" */;
			productName = FirebaseInstallations;
		};
		DDA5F4692ADF817C00AAC769 /* FirebaseMLModelDownloader */ = {
			isa = XCSwiftPackageProductDependency;
			package = DDA5F4402ADF817C00AAC769 /* XCRemoteSwiftPackageReference "firebase-ios-sdk" */;
			productName = FirebaseMLModelDownloader;
		};
		DDA5F46B2ADF817C00AAC769 /* FirebaseMessaging */ = {
			isa = XCSwiftPackageProductDependency;
			package = DDA5F4402ADF817C00AAC769 /* XCRemoteSwiftPackageReference "firebase-ios-sdk" */;
			productName = FirebaseMessaging;
		};
		DDA5F46D2ADF817C00AAC769 /* FirebasePerformance */ = {
			isa = XCSwiftPackageProductDependency;
			package = DDA5F4402ADF817C00AAC769 /* XCRemoteSwiftPackageReference "firebase-ios-sdk" */;
			productName = FirebasePerformance;
		};
		DDA5F46F2ADF817C00AAC769 /* FirebaseRemoteConfig */ = {
			isa = XCSwiftPackageProductDependency;
			package = DDA5F4402ADF817C00AAC769 /* XCRemoteSwiftPackageReference "firebase-ios-sdk" */;
			productName = FirebaseRemoteConfig;
		};
		DDA5F4712ADF817C00AAC769 /* FirebaseRemoteConfigSwift */ = {
			isa = XCSwiftPackageProductDependency;
			package = DDA5F4402ADF817C00AAC769 /* XCRemoteSwiftPackageReference "firebase-ios-sdk" */;
			productName = FirebaseRemoteConfigSwift;
		};
		DDA5F4732ADF817C00AAC769 /* FirebaseStorage */ = {
			isa = XCSwiftPackageProductDependency;
			package = DDA5F4402ADF817C00AAC769 /* XCRemoteSwiftPackageReference "firebase-ios-sdk" */;
			productName = FirebaseStorage;
		};
		DDA5F4752ADF817C00AAC769 /* FirebaseStorageCombine-Community */ = {
			isa = XCSwiftPackageProductDependency;
			package = DDA5F4402ADF817C00AAC769 /* XCRemoteSwiftPackageReference "firebase-ios-sdk" */;
			productName = "FirebaseStorageCombine-Community";
		};
/* End XCSwiftPackageProductDependency section */
	};
	rootObject = DDA508522AC784F100959BC5 /* Project object */;
}
